
Microsoft Visual Studio Solution File, Format Version 12.00
# Visual Studio 15
VisualStudioVersion = 15.0.26730.12
MinimumVisualStudioVersion = 10.0.40219.1
Project("{FAE04EC0-301F-11D3-BF4B-00C04F79EFBC}") = "GoMuscuApp.Android", "GoMuscuApp\GoMuscuApp.Android\GoMuscuApp.Android.csproj", "{0FDBA643-2427-42F2-9E82-020CFAB2CB1F}"
EndProject
Project("{FAE04EC0-301F-11D3-BF4B-00C04F79EFBC}") = "GoMuscuApp", "GoMuscuApp\GoMuscuApp\GoMuscuApp.csproj", "{6D9A6AF3-DFA6-4A63-A2CD-122B562959F6}"
EndProject
Project("{FAE04EC0-301F-11D3-BF4B-00C04F79EFBC}") = "GoMuscuApp.UWP", "GoMuscuApp\GoMuscuApp.UWP\GoMuscuApp.UWP.csproj", "{71A40303-92D2-4307-A870-1C4458329B0E}"
EndProject
Project("{FAE04EC0-301F-11D3-BF4B-00C04F79EFBC}") = "GoMuscuApp.iOS", "GoMuscuApp\GoMuscuApp.iOS\GoMuscuApp.iOS.csproj", "{C03565FA-82F2-49A8-BEC0-67E17F73D606}"
EndProject
Project("{FAE04EC0-301F-11D3-BF4B-00C04F79EFBC}") = "CalendarRenderer.Android", "CalendarRenderer\CalendarRenderer.Android\CalendarRenderer.Android.csproj", "{551DB989-49B9-4A3E-B4B7-9C7F6ABD47EC}"
EndProject
Project("{FAE04EC0-301F-11D3-BF4B-00C04F79EFBC}") = "CalendarRenderer", "CalendarRenderer\CalendarRenderer\CalendarRenderer.csproj", "{2B324713-39CA-4FCC-B6E3-997B77BEB4BA}"
EndProject
Project("{FAE04EC0-301F-11D3-BF4B-00C04F79EFBC}") = "CalendarRenderer.iOS", "CalendarRenderer\CalendarRenderer.iOS\CalendarRenderer.iOS.csproj", "{A4E53F14-DC9A-4948-A3E1-20167412F9D5}"
EndProject
Global
	GlobalSection(SolutionConfigurationPlatforms) = preSolution
		Ad-Hoc|Any CPU = Ad-Hoc|Any CPU
		Ad-Hoc|ARM = Ad-Hoc|ARM
		Ad-Hoc|iPhone = Ad-Hoc|iPhone
		Ad-Hoc|iPhoneSimulator = Ad-Hoc|iPhoneSimulator
		Ad-Hoc|x64 = Ad-Hoc|x64
		Ad-Hoc|x86 = Ad-Hoc|x86
		AppStore|Any CPU = AppStore|Any CPU
		AppStore|ARM = AppStore|ARM
		AppStore|iPhone = AppStore|iPhone
		AppStore|iPhoneSimulator = AppStore|iPhoneSimulator
		AppStore|x64 = AppStore|x64
		AppStore|x86 = AppStore|x86
		Debug|Any CPU = Debug|Any CPU
		Debug|ARM = Debug|ARM
		Debug|iPhone = Debug|iPhone
		Debug|iPhoneSimulator = Debug|iPhoneSimulator
		Debug|x64 = Debug|x64
		Debug|x86 = Debug|x86
		Release|Any CPU = Release|Any CPU
		Release|ARM = Release|ARM
		Release|iPhone = Release|iPhone
		Release|iPhoneSimulator = Release|iPhoneSimulator
		Release|x64 = Release|x64
		Release|x86 = Release|x86
	EndGlobalSection
	GlobalSection(ProjectConfigurationPlatforms) = postSolution
		{0FDBA643-2427-42F2-9E82-020CFAB2CB1F}.Ad-Hoc|Any CPU.ActiveCfg = Release|Any CPU
		{0FDBA643-2427-42F2-9E82-020CFAB2CB1F}.Ad-Hoc|Any CPU.Build.0 = Release|Any CPU
		{0FDBA643-2427-42F2-9E82-020CFAB2CB1F}.Ad-Hoc|Any CPU.Deploy.0 = Release|Any CPU
		{0FDBA643-2427-42F2-9E82-020CFAB2CB1F}.Ad-Hoc|ARM.ActiveCfg = Release|Any CPU
		{0FDBA643-2427-42F2-9E82-020CFAB2CB1F}.Ad-Hoc|ARM.Build.0 = Release|Any CPU
		{0FDBA643-2427-42F2-9E82-020CFAB2CB1F}.Ad-Hoc|ARM.Deploy.0 = Release|Any CPU
		{0FDBA643-2427-42F2-9E82-020CFAB2CB1F}.Ad-Hoc|iPhone.ActiveCfg = Release|Any CPU
		{0FDBA643-2427-42F2-9E82-020CFAB2CB1F}.Ad-Hoc|iPhone.Build.0 = Release|Any CPU
		{0FDBA643-2427-42F2-9E82-020CFAB2CB1F}.Ad-Hoc|iPhone.Deploy.0 = Release|Any CPU
		{0FDBA643-2427-42F2-9E82-020CFAB2CB1F}.Ad-Hoc|iPhoneSimulator.ActiveCfg = Release|Any CPU
		{0FDBA643-2427-42F2-9E82-020CFAB2CB1F}.Ad-Hoc|iPhoneSimulator.Build.0 = Release|Any CPU
		{0FDBA643-2427-42F2-9E82-020CFAB2CB1F}.Ad-Hoc|iPhoneSimulator.Deploy.0 = Release|Any CPU
		{0FDBA643-2427-42F2-9E82-020CFAB2CB1F}.Ad-Hoc|x64.ActiveCfg = Release|Any CPU
		{0FDBA643-2427-42F2-9E82-020CFAB2CB1F}.Ad-Hoc|x64.Build.0 = Release|Any CPU
		{0FDBA643-2427-42F2-9E82-020CFAB2CB1F}.Ad-Hoc|x64.Deploy.0 = Release|Any CPU
		{0FDBA643-2427-42F2-9E82-020CFAB2CB1F}.Ad-Hoc|x86.ActiveCfg = Release|Any CPU
		{0FDBA643-2427-42F2-9E82-020CFAB2CB1F}.Ad-Hoc|x86.Build.0 = Release|Any CPU
		{0FDBA643-2427-42F2-9E82-020CFAB2CB1F}.Ad-Hoc|x86.Deploy.0 = Release|Any CPU
		{0FDBA643-2427-42F2-9E82-020CFAB2CB1F}.AppStore|Any CPU.ActiveCfg = Release|Any CPU
		{0FDBA643-2427-42F2-9E82-020CFAB2CB1F}.AppStore|Any CPU.Build.0 = Release|Any CPU
		{0FDBA643-2427-42F2-9E82-020CFAB2CB1F}.AppStore|Any CPU.Deploy.0 = Release|Any CPU
		{0FDBA643-2427-42F2-9E82-020CFAB2CB1F}.AppStore|ARM.ActiveCfg = Release|Any CPU
		{0FDBA643-2427-42F2-9E82-020CFAB2CB1F}.AppStore|ARM.Build.0 = Release|Any CPU
		{0FDBA643-2427-42F2-9E82-020CFAB2CB1F}.AppStore|ARM.Deploy.0 = Release|Any CPU
		{0FDBA643-2427-42F2-9E82-020CFAB2CB1F}.AppStore|iPhone.ActiveCfg = Release|Any CPU
		{0FDBA643-2427-42F2-9E82-020CFAB2CB1F}.AppStore|iPhone.Build.0 = Release|Any CPU
		{0FDBA643-2427-42F2-9E82-020CFAB2CB1F}.AppStore|iPhone.Deploy.0 = Release|Any CPU
		{0FDBA643-2427-42F2-9E82-020CFAB2CB1F}.AppStore|iPhoneSimulator.ActiveCfg = Release|Any CPU
		{0FDBA643-2427-42F2-9E82-020CFAB2CB1F}.AppStore|iPhoneSimulator.Build.0 = Release|Any CPU
		{0FDBA643-2427-42F2-9E82-020CFAB2CB1F}.AppStore|iPhoneSimulator.Deploy.0 = Release|Any CPU
		{0FDBA643-2427-42F2-9E82-020CFAB2CB1F}.AppStore|x64.ActiveCfg = Release|Any CPU
		{0FDBA643-2427-42F2-9E82-020CFAB2CB1F}.AppStore|x64.Build.0 = Release|Any CPU
		{0FDBA643-2427-42F2-9E82-020CFAB2CB1F}.AppStore|x64.Deploy.0 = Release|Any CPU
		{0FDBA643-2427-42F2-9E82-020CFAB2CB1F}.AppStore|x86.ActiveCfg = Release|Any CPU
		{0FDBA643-2427-42F2-9E82-020CFAB2CB1F}.AppStore|x86.Build.0 = Release|Any CPU
		{0FDBA643-2427-42F2-9E82-020CFAB2CB1F}.AppStore|x86.Deploy.0 = Release|Any CPU
		{0FDBA643-2427-42F2-9E82-020CFAB2CB1F}.Debug|Any CPU.ActiveCfg = Debug|Any CPU
		{0FDBA643-2427-42F2-9E82-020CFAB2CB1F}.Debug|Any CPU.Build.0 = Debug|Any CPU
		{0FDBA643-2427-42F2-9E82-020CFAB2CB1F}.Debug|Any CPU.Deploy.0 = Debug|Any CPU
		{0FDBA643-2427-42F2-9E82-020CFAB2CB1F}.Debug|ARM.ActiveCfg = Debug|Any CPU
		{0FDBA643-2427-42F2-9E82-020CFAB2CB1F}.Debug|ARM.Build.0 = Debug|Any CPU
		{0FDBA643-2427-42F2-9E82-020CFAB2CB1F}.Debug|ARM.Deploy.0 = Debug|Any CPU
		{0FDBA643-2427-42F2-9E82-020CFAB2CB1F}.Debug|iPhone.ActiveCfg = Debug|Any CPU
		{0FDBA643-2427-42F2-9E82-020CFAB2CB1F}.Debug|iPhone.Build.0 = Debug|Any CPU
		{0FDBA643-2427-42F2-9E82-020CFAB2CB1F}.Debug|iPhone.Deploy.0 = Debug|Any CPU
		{0FDBA643-2427-42F2-9E82-020CFAB2CB1F}.Debug|iPhoneSimulator.ActiveCfg = Debug|Any CPU
		{0FDBA643-2427-42F2-9E82-020CFAB2CB1F}.Debug|iPhoneSimulator.Build.0 = Debug|Any CPU
		{0FDBA643-2427-42F2-9E82-020CFAB2CB1F}.Debug|iPhoneSimulator.Deploy.0 = Debug|Any CPU
		{0FDBA643-2427-42F2-9E82-020CFAB2CB1F}.Debug|x64.ActiveCfg = Debug|Any CPU
		{0FDBA643-2427-42F2-9E82-020CFAB2CB1F}.Debug|x64.Build.0 = Debug|Any CPU
		{0FDBA643-2427-42F2-9E82-020CFAB2CB1F}.Debug|x64.Deploy.0 = Debug|Any CPU
		{0FDBA643-2427-42F2-9E82-020CFAB2CB1F}.Debug|x86.ActiveCfg = Debug|Any CPU
		{0FDBA643-2427-42F2-9E82-020CFAB2CB1F}.Debug|x86.Build.0 = Debug|Any CPU
		{0FDBA643-2427-42F2-9E82-020CFAB2CB1F}.Debug|x86.Deploy.0 = Debug|Any CPU
		{0FDBA643-2427-42F2-9E82-020CFAB2CB1F}.Release|Any CPU.ActiveCfg = Release|Any CPU
		{0FDBA643-2427-42F2-9E82-020CFAB2CB1F}.Release|Any CPU.Build.0 = Release|Any CPU
		{0FDBA643-2427-42F2-9E82-020CFAB2CB1F}.Release|Any CPU.Deploy.0 = Release|Any CPU
		{0FDBA643-2427-42F2-9E82-020CFAB2CB1F}.Release|ARM.ActiveCfg = Release|Any CPU
		{0FDBA643-2427-42F2-9E82-020CFAB2CB1F}.Release|ARM.Build.0 = Release|Any CPU
		{0FDBA643-2427-42F2-9E82-020CFAB2CB1F}.Release|ARM.Deploy.0 = Release|Any CPU
		{0FDBA643-2427-42F2-9E82-020CFAB2CB1F}.Release|iPhone.ActiveCfg = Release|Any CPU
		{0FDBA643-2427-42F2-9E82-020CFAB2CB1F}.Release|iPhone.Build.0 = Release|Any CPU
		{0FDBA643-2427-42F2-9E82-020CFAB2CB1F}.Release|iPhone.Deploy.0 = Release|Any CPU
		{0FDBA643-2427-42F2-9E82-020CFAB2CB1F}.Release|iPhoneSimulator.ActiveCfg = Release|Any CPU
		{0FDBA643-2427-42F2-9E82-020CFAB2CB1F}.Release|iPhoneSimulator.Build.0 = Release|Any CPU
		{0FDBA643-2427-42F2-9E82-020CFAB2CB1F}.Release|iPhoneSimulator.Deploy.0 = Release|Any CPU
		{0FDBA643-2427-42F2-9E82-020CFAB2CB1F}.Release|x64.ActiveCfg = Release|Any CPU
		{0FDBA643-2427-42F2-9E82-020CFAB2CB1F}.Release|x64.Build.0 = Release|Any CPU
		{0FDBA643-2427-42F2-9E82-020CFAB2CB1F}.Release|x64.Deploy.0 = Release|Any CPU
		{0FDBA643-2427-42F2-9E82-020CFAB2CB1F}.Release|x86.ActiveCfg = Release|Any CPU
		{0FDBA643-2427-42F2-9E82-020CFAB2CB1F}.Release|x86.Build.0 = Release|Any CPU
		{0FDBA643-2427-42F2-9E82-020CFAB2CB1F}.Release|x86.Deploy.0 = Release|Any CPU
		{6D9A6AF3-DFA6-4A63-A2CD-122B562959F6}.Ad-Hoc|Any CPU.ActiveCfg = Release|Any CPU
		{6D9A6AF3-DFA6-4A63-A2CD-122B562959F6}.Ad-Hoc|Any CPU.Build.0 = Release|Any CPU
		{6D9A6AF3-DFA6-4A63-A2CD-122B562959F6}.Ad-Hoc|ARM.ActiveCfg = Release|Any CPU
		{6D9A6AF3-DFA6-4A63-A2CD-122B562959F6}.Ad-Hoc|ARM.Build.0 = Release|Any CPU
		{6D9A6AF3-DFA6-4A63-A2CD-122B562959F6}.Ad-Hoc|iPhone.ActiveCfg = Release|Any CPU
		{6D9A6AF3-DFA6-4A63-A2CD-122B562959F6}.Ad-Hoc|iPhone.Build.0 = Release|Any CPU
		{6D9A6AF3-DFA6-4A63-A2CD-122B562959F6}.Ad-Hoc|iPhoneSimulator.ActiveCfg = Release|Any CPU
		{6D9A6AF3-DFA6-4A63-A2CD-122B562959F6}.Ad-Hoc|iPhoneSimulator.Build.0 = Release|Any CPU
		{6D9A6AF3-DFA6-4A63-A2CD-122B562959F6}.Ad-Hoc|x64.ActiveCfg = Release|Any CPU
		{6D9A6AF3-DFA6-4A63-A2CD-122B562959F6}.Ad-Hoc|x64.Build.0 = Release|Any CPU
		{6D9A6AF3-DFA6-4A63-A2CD-122B562959F6}.Ad-Hoc|x86.ActiveCfg = Release|Any CPU
		{6D9A6AF3-DFA6-4A63-A2CD-122B562959F6}.Ad-Hoc|x86.Build.0 = Release|Any CPU
		{6D9A6AF3-DFA6-4A63-A2CD-122B562959F6}.AppStore|Any CPU.ActiveCfg = Release|Any CPU
		{6D9A6AF3-DFA6-4A63-A2CD-122B562959F6}.AppStore|Any CPU.Build.0 = Release|Any CPU
		{6D9A6AF3-DFA6-4A63-A2CD-122B562959F6}.AppStore|ARM.ActiveCfg = Release|Any CPU
		{6D9A6AF3-DFA6-4A63-A2CD-122B562959F6}.AppStore|ARM.Build.0 = Release|Any CPU
		{6D9A6AF3-DFA6-4A63-A2CD-122B562959F6}.AppStore|iPhone.ActiveCfg = Release|Any CPU
		{6D9A6AF3-DFA6-4A63-A2CD-122B562959F6}.AppStore|iPhone.Build.0 = Release|Any CPU
		{6D9A6AF3-DFA6-4A63-A2CD-122B562959F6}.AppStore|iPhoneSimulator.ActiveCfg = Release|Any CPU
		{6D9A6AF3-DFA6-4A63-A2CD-122B562959F6}.AppStore|iPhoneSimulator.Build.0 = Release|Any CPU
		{6D9A6AF3-DFA6-4A63-A2CD-122B562959F6}.AppStore|x64.ActiveCfg = Release|Any CPU
		{6D9A6AF3-DFA6-4A63-A2CD-122B562959F6}.AppStore|x64.Build.0 = Release|Any CPU
		{6D9A6AF3-DFA6-4A63-A2CD-122B562959F6}.AppStore|x86.ActiveCfg = Release|Any CPU
		{6D9A6AF3-DFA6-4A63-A2CD-122B562959F6}.AppStore|x86.Build.0 = Release|Any CPU
		{6D9A6AF3-DFA6-4A63-A2CD-122B562959F6}.Debug|Any CPU.ActiveCfg = Debug|Any CPU
		{6D9A6AF3-DFA6-4A63-A2CD-122B562959F6}.Debug|Any CPU.Build.0 = Debug|Any CPU
		{6D9A6AF3-DFA6-4A63-A2CD-122B562959F6}.Debug|ARM.ActiveCfg = Debug|Any CPU
		{6D9A6AF3-DFA6-4A63-A2CD-122B562959F6}.Debug|ARM.Build.0 = Debug|Any CPU
		{6D9A6AF3-DFA6-4A63-A2CD-122B562959F6}.Debug|iPhone.ActiveCfg = Debug|Any CPU
		{6D9A6AF3-DFA6-4A63-A2CD-122B562959F6}.Debug|iPhone.Build.0 = Debug|Any CPU
		{6D9A6AF3-DFA6-4A63-A2CD-122B562959F6}.Debug|iPhoneSimulator.ActiveCfg = Debug|Any CPU
		{6D9A6AF3-DFA6-4A63-A2CD-122B562959F6}.Debug|iPhoneSimulator.Build.0 = Debug|Any CPU
		{6D9A6AF3-DFA6-4A63-A2CD-122B562959F6}.Debug|x64.ActiveCfg = Debug|Any CPU
		{6D9A6AF3-DFA6-4A63-A2CD-122B562959F6}.Debug|x64.Build.0 = Debug|Any CPU
		{6D9A6AF3-DFA6-4A63-A2CD-122B562959F6}.Debug|x86.ActiveCfg = Debug|Any CPU
		{6D9A6AF3-DFA6-4A63-A2CD-122B562959F6}.Debug|x86.Build.0 = Debug|Any CPU
		{6D9A6AF3-DFA6-4A63-A2CD-122B562959F6}.Release|Any CPU.ActiveCfg = Release|Any CPU
		{6D9A6AF3-DFA6-4A63-A2CD-122B562959F6}.Release|Any CPU.Build.0 = Release|Any CPU
		{6D9A6AF3-DFA6-4A63-A2CD-122B562959F6}.Release|ARM.ActiveCfg = Release|Any CPU
		{6D9A6AF3-DFA6-4A63-A2CD-122B562959F6}.Release|ARM.Build.0 = Release|Any CPU
		{6D9A6AF3-DFA6-4A63-A2CD-122B562959F6}.Release|iPhone.ActiveCfg = Release|Any CPU
		{6D9A6AF3-DFA6-4A63-A2CD-122B562959F6}.Release|iPhone.Build.0 = Release|Any CPU
		{6D9A6AF3-DFA6-4A63-A2CD-122B562959F6}.Release|iPhoneSimulator.ActiveCfg = Release|Any CPU
		{6D9A6AF3-DFA6-4A63-A2CD-122B562959F6}.Release|iPhoneSimulator.Build.0 = Release|Any CPU
		{6D9A6AF3-DFA6-4A63-A2CD-122B562959F6}.Release|x64.ActiveCfg = Release|Any CPU
		{6D9A6AF3-DFA6-4A63-A2CD-122B562959F6}.Release|x64.Build.0 = Release|Any CPU
		{6D9A6AF3-DFA6-4A63-A2CD-122B562959F6}.Release|x86.ActiveCfg = Release|Any CPU
		{6D9A6AF3-DFA6-4A63-A2CD-122B562959F6}.Release|x86.Build.0 = Release|Any CPU
		{71A40303-92D2-4307-A870-1C4458329B0E}.Ad-Hoc|Any CPU.ActiveCfg = Release|x86
		{71A40303-92D2-4307-A870-1C4458329B0E}.Ad-Hoc|Any CPU.Build.0 = Release|x86
		{71A40303-92D2-4307-A870-1C4458329B0E}.Ad-Hoc|Any CPU.Deploy.0 = Release|x86
		{71A40303-92D2-4307-A870-1C4458329B0E}.Ad-Hoc|ARM.ActiveCfg = Release|ARM
		{71A40303-92D2-4307-A870-1C4458329B0E}.Ad-Hoc|ARM.Build.0 = Release|ARM
		{71A40303-92D2-4307-A870-1C4458329B0E}.Ad-Hoc|ARM.Deploy.0 = Release|ARM
		{71A40303-92D2-4307-A870-1C4458329B0E}.Ad-Hoc|iPhone.ActiveCfg = Release|x86
		{71A40303-92D2-4307-A870-1C4458329B0E}.Ad-Hoc|iPhone.Build.0 = Release|x86
		{71A40303-92D2-4307-A870-1C4458329B0E}.Ad-Hoc|iPhone.Deploy.0 = Release|x86
		{71A40303-92D2-4307-A870-1C4458329B0E}.Ad-Hoc|iPhoneSimulator.ActiveCfg = Release|x86
		{71A40303-92D2-4307-A870-1C4458329B0E}.Ad-Hoc|iPhoneSimulator.Build.0 = Release|x86
		{71A40303-92D2-4307-A870-1C4458329B0E}.Ad-Hoc|iPhoneSimulator.Deploy.0 = Release|x86
		{71A40303-92D2-4307-A870-1C4458329B0E}.Ad-Hoc|x64.ActiveCfg = Release|x64
		{71A40303-92D2-4307-A870-1C4458329B0E}.Ad-Hoc|x64.Build.0 = Release|x64
		{71A40303-92D2-4307-A870-1C4458329B0E}.Ad-Hoc|x64.Deploy.0 = Release|x64
		{71A40303-92D2-4307-A870-1C4458329B0E}.Ad-Hoc|x86.ActiveCfg = Release|x86
		{71A40303-92D2-4307-A870-1C4458329B0E}.Ad-Hoc|x86.Build.0 = Release|x86
		{71A40303-92D2-4307-A870-1C4458329B0E}.Ad-Hoc|x86.Deploy.0 = Release|x86
		{71A40303-92D2-4307-A870-1C4458329B0E}.AppStore|Any CPU.ActiveCfg = Release|x86
		{71A40303-92D2-4307-A870-1C4458329B0E}.AppStore|Any CPU.Build.0 = Release|x86
		{71A40303-92D2-4307-A870-1C4458329B0E}.AppStore|Any CPU.Deploy.0 = Release|x86
		{71A40303-92D2-4307-A870-1C4458329B0E}.AppStore|ARM.ActiveCfg = Release|ARM
		{71A40303-92D2-4307-A870-1C4458329B0E}.AppStore|ARM.Build.0 = Release|ARM
		{71A40303-92D2-4307-A870-1C4458329B0E}.AppStore|ARM.Deploy.0 = Release|ARM
		{71A40303-92D2-4307-A870-1C4458329B0E}.AppStore|iPhone.ActiveCfg = Release|x86
		{71A40303-92D2-4307-A870-1C4458329B0E}.AppStore|iPhone.Build.0 = Release|x86
		{71A40303-92D2-4307-A870-1C4458329B0E}.AppStore|iPhone.Deploy.0 = Release|x86
		{71A40303-92D2-4307-A870-1C4458329B0E}.AppStore|iPhoneSimulator.ActiveCfg = Release|x86
		{71A40303-92D2-4307-A870-1C4458329B0E}.AppStore|iPhoneSimulator.Build.0 = Release|x86
		{71A40303-92D2-4307-A870-1C4458329B0E}.AppStore|iPhoneSimulator.Deploy.0 = Release|x86
		{71A40303-92D2-4307-A870-1C4458329B0E}.AppStore|x64.ActiveCfg = Release|x64
		{71A40303-92D2-4307-A870-1C4458329B0E}.AppStore|x64.Build.0 = Release|x64
		{71A40303-92D2-4307-A870-1C4458329B0E}.AppStore|x64.Deploy.0 = Release|x64
		{71A40303-92D2-4307-A870-1C4458329B0E}.AppStore|x86.ActiveCfg = Release|x86
		{71A40303-92D2-4307-A870-1C4458329B0E}.AppStore|x86.Build.0 = Release|x86
		{71A40303-92D2-4307-A870-1C4458329B0E}.AppStore|x86.Deploy.0 = Release|x86
		{71A40303-92D2-4307-A870-1C4458329B0E}.Debug|Any CPU.ActiveCfg = Debug|x86
		{71A40303-92D2-4307-A870-1C4458329B0E}.Debug|ARM.ActiveCfg = Debug|ARM
		{71A40303-92D2-4307-A870-1C4458329B0E}.Debug|ARM.Build.0 = Debug|ARM
		{71A40303-92D2-4307-A870-1C4458329B0E}.Debug|ARM.Deploy.0 = Debug|ARM
		{71A40303-92D2-4307-A870-1C4458329B0E}.Debug|iPhone.ActiveCfg = Debug|x86
		{71A40303-92D2-4307-A870-1C4458329B0E}.Debug|iPhoneSimulator.ActiveCfg = Debug|x86
		{71A40303-92D2-4307-A870-1C4458329B0E}.Debug|x64.ActiveCfg = Debug|x64
		{71A40303-92D2-4307-A870-1C4458329B0E}.Debug|x64.Build.0 = Debug|x64
		{71A40303-92D2-4307-A870-1C4458329B0E}.Debug|x64.Deploy.0 = Debug|x64
		{71A40303-92D2-4307-A870-1C4458329B0E}.Debug|x86.ActiveCfg = Debug|x86
		{71A40303-92D2-4307-A870-1C4458329B0E}.Debug|x86.Build.0 = Debug|x86
		{71A40303-92D2-4307-A870-1C4458329B0E}.Debug|x86.Deploy.0 = Debug|x86
		{71A40303-92D2-4307-A870-1C4458329B0E}.Release|Any CPU.ActiveCfg = Release|x86
		{71A40303-92D2-4307-A870-1C4458329B0E}.Release|ARM.ActiveCfg = Release|ARM
		{71A40303-92D2-4307-A870-1C4458329B0E}.Release|ARM.Build.0 = Release|ARM
		{71A40303-92D2-4307-A870-1C4458329B0E}.Release|ARM.Deploy.0 = Release|ARM
		{71A40303-92D2-4307-A870-1C4458329B0E}.Release|iPhone.ActiveCfg = Release|x86
		{71A40303-92D2-4307-A870-1C4458329B0E}.Release|iPhoneSimulator.ActiveCfg = Release|x86
		{71A40303-92D2-4307-A870-1C4458329B0E}.Release|x64.ActiveCfg = Release|x64
		{71A40303-92D2-4307-A870-1C4458329B0E}.Release|x64.Build.0 = Release|x64
		{71A40303-92D2-4307-A870-1C4458329B0E}.Release|x64.Deploy.0 = Release|x64
		{71A40303-92D2-4307-A870-1C4458329B0E}.Release|x86.ActiveCfg = Release|x86
		{71A40303-92D2-4307-A870-1C4458329B0E}.Release|x86.Build.0 = Release|x86
		{71A40303-92D2-4307-A870-1C4458329B0E}.Release|x86.Deploy.0 = Release|x86
		{C03565FA-82F2-49A8-BEC0-67E17F73D606}.Ad-Hoc|Any CPU.ActiveCfg = Ad-Hoc|iPhone
		{C03565FA-82F2-49A8-BEC0-67E17F73D606}.Ad-Hoc|ARM.ActiveCfg = Ad-Hoc|iPhone
		{C03565FA-82F2-49A8-BEC0-67E17F73D606}.Ad-Hoc|iPhone.ActiveCfg = Ad-Hoc|iPhone
		{C03565FA-82F2-49A8-BEC0-67E17F73D606}.Ad-Hoc|iPhone.Build.0 = Ad-Hoc|iPhone
		{C03565FA-82F2-49A8-BEC0-67E17F73D606}.Ad-Hoc|iPhoneSimulator.ActiveCfg = Ad-Hoc|iPhoneSimulator
		{C03565FA-82F2-49A8-BEC0-67E17F73D606}.Ad-Hoc|iPhoneSimulator.Build.0 = Ad-Hoc|iPhoneSimulator
		{C03565FA-82F2-49A8-BEC0-67E17F73D606}.Ad-Hoc|x64.ActiveCfg = Ad-Hoc|iPhone
		{C03565FA-82F2-49A8-BEC0-67E17F73D606}.Ad-Hoc|x86.ActiveCfg = Ad-Hoc|iPhone
		{C03565FA-82F2-49A8-BEC0-67E17F73D606}.AppStore|Any CPU.ActiveCfg = AppStore|iPhone
		{C03565FA-82F2-49A8-BEC0-67E17F73D606}.AppStore|ARM.ActiveCfg = AppStore|iPhone
		{C03565FA-82F2-49A8-BEC0-67E17F73D606}.AppStore|iPhone.ActiveCfg = AppStore|iPhone
		{C03565FA-82F2-49A8-BEC0-67E17F73D606}.AppStore|iPhone.Build.0 = AppStore|iPhone
		{C03565FA-82F2-49A8-BEC0-67E17F73D606}.AppStore|iPhoneSimulator.ActiveCfg = AppStore|iPhoneSimulator
		{C03565FA-82F2-49A8-BEC0-67E17F73D606}.AppStore|iPhoneSimulator.Build.0 = AppStore|iPhoneSimulator
		{C03565FA-82F2-49A8-BEC0-67E17F73D606}.AppStore|x64.ActiveCfg = AppStore|iPhone
		{C03565FA-82F2-49A8-BEC0-67E17F73D606}.AppStore|x86.ActiveCfg = AppStore|iPhone
		{C03565FA-82F2-49A8-BEC0-67E17F73D606}.Debug|Any CPU.ActiveCfg = Debug|iPhone
		{C03565FA-82F2-49A8-BEC0-67E17F73D606}.Debug|ARM.ActiveCfg = Debug|iPhone
		{C03565FA-82F2-49A8-BEC0-67E17F73D606}.Debug|iPhone.ActiveCfg = Debug|iPhone
		{C03565FA-82F2-49A8-BEC0-67E17F73D606}.Debug|iPhone.Build.0 = Debug|iPhone
		{C03565FA-82F2-49A8-BEC0-67E17F73D606}.Debug|iPhoneSimulator.ActiveCfg = Debug|iPhoneSimulator
		{C03565FA-82F2-49A8-BEC0-67E17F73D606}.Debug|iPhoneSimulator.Build.0 = Debug|iPhoneSimulator
		{C03565FA-82F2-49A8-BEC0-67E17F73D606}.Debug|x64.ActiveCfg = Debug|iPhone
		{C03565FA-82F2-49A8-BEC0-67E17F73D606}.Debug|x86.ActiveCfg = Debug|iPhone
		{C03565FA-82F2-49A8-BEC0-67E17F73D606}.Release|Any CPU.ActiveCfg = Release|iPhone
		{C03565FA-82F2-49A8-BEC0-67E17F73D606}.Release|ARM.ActiveCfg = Release|iPhone
		{C03565FA-82F2-49A8-BEC0-67E17F73D606}.Release|iPhone.ActiveCfg = Release|iPhone
		{C03565FA-82F2-49A8-BEC0-67E17F73D606}.Release|iPhone.Build.0 = Release|iPhone
		{C03565FA-82F2-49A8-BEC0-67E17F73D606}.Release|iPhoneSimulator.ActiveCfg = Release|iPhoneSimulator
		{C03565FA-82F2-49A8-BEC0-67E17F73D606}.Release|iPhoneSimulator.Build.0 = Release|iPhoneSimulator
		{C03565FA-82F2-49A8-BEC0-67E17F73D606}.Release|x64.ActiveCfg = Release|iPhone
		{C03565FA-82F2-49A8-BEC0-67E17F73D606}.Release|x86.ActiveCfg = Release|iPhone
		{551DB989-49B9-4A3E-B4B7-9C7F6ABD47EC}.Ad-Hoc|Any CPU.ActiveCfg = Release|Any CPU
		{551DB989-49B9-4A3E-B4B7-9C7F6ABD47EC}.Ad-Hoc|Any CPU.Build.0 = Release|Any CPU
		{551DB989-49B9-4A3E-B4B7-9C7F6ABD47EC}.Ad-Hoc|Any CPU.Deploy.0 = Release|Any CPU
		{551DB989-49B9-4A3E-B4B7-9C7F6ABD47EC}.Ad-Hoc|ARM.ActiveCfg = Release|Any CPU
		{551DB989-49B9-4A3E-B4B7-9C7F6ABD47EC}.Ad-Hoc|ARM.Build.0 = Release|Any CPU
		{551DB989-49B9-4A3E-B4B7-9C7F6ABD47EC}.Ad-Hoc|ARM.Deploy.0 = Release|Any CPU
		{551DB989-49B9-4A3E-B4B7-9C7F6ABD47EC}.Ad-Hoc|iPhone.ActiveCfg = Release|Any CPU
		{551DB989-49B9-4A3E-B4B7-9C7F6ABD47EC}.Ad-Hoc|iPhone.Build.0 = Release|Any CPU
		{551DB989-49B9-4A3E-B4B7-9C7F6ABD47EC}.Ad-Hoc|iPhone.Deploy.0 = Release|Any CPU
		{551DB989-49B9-4A3E-B4B7-9C7F6ABD47EC}.Ad-Hoc|iPhoneSimulator.ActiveCfg = Release|Any CPU
		{551DB989-49B9-4A3E-B4B7-9C7F6ABD47EC}.Ad-Hoc|iPhoneSimulator.Build.0 = Release|Any CPU
		{551DB989-49B9-4A3E-B4B7-9C7F6ABD47EC}.Ad-Hoc|iPhoneSimulator.Deploy.0 = Release|Any CPU
		{551DB989-49B9-4A3E-B4B7-9C7F6ABD47EC}.Ad-Hoc|x64.ActiveCfg = Release|Any CPU
		{551DB989-49B9-4A3E-B4B7-9C7F6ABD47EC}.Ad-Hoc|x64.Build.0 = Release|Any CPU
		{551DB989-49B9-4A3E-B4B7-9C7F6ABD47EC}.Ad-Hoc|x64.Deploy.0 = Release|Any CPU
		{551DB989-49B9-4A3E-B4B7-9C7F6ABD47EC}.Ad-Hoc|x86.ActiveCfg = Release|Any CPU
		{551DB989-49B9-4A3E-B4B7-9C7F6ABD47EC}.Ad-Hoc|x86.Build.0 = Release|Any CPU
		{551DB989-49B9-4A3E-B4B7-9C7F6ABD47EC}.Ad-Hoc|x86.Deploy.0 = Release|Any CPU
		{551DB989-49B9-4A3E-B4B7-9C7F6ABD47EC}.AppStore|Any CPU.ActiveCfg = Release|Any CPU
		{551DB989-49B9-4A3E-B4B7-9C7F6ABD47EC}.AppStore|Any CPU.Build.0 = Release|Any CPU
		{551DB989-49B9-4A3E-B4B7-9C7F6ABD47EC}.AppStore|Any CPU.Deploy.0 = Release|Any CPU
		{551DB989-49B9-4A3E-B4B7-9C7F6ABD47EC}.AppStore|ARM.ActiveCfg = Release|Any CPU
		{551DB989-49B9-4A3E-B4B7-9C7F6ABD47EC}.AppStore|ARM.Build.0 = Release|Any CPU
		{551DB989-49B9-4A3E-B4B7-9C7F6ABD47EC}.AppStore|ARM.Deploy.0 = Release|Any CPU
		{551DB989-49B9-4A3E-B4B7-9C7F6ABD47EC}.AppStore|iPhone.ActiveCfg = Release|Any CPU
		{551DB989-49B9-4A3E-B4B7-9C7F6ABD47EC}.AppStore|iPhone.Build.0 = Release|Any CPU
		{551DB989-49B9-4A3E-B4B7-9C7F6ABD47EC}.AppStore|iPhone.Deploy.0 = Release|Any CPU
		{551DB989-49B9-4A3E-B4B7-9C7F6ABD47EC}.AppStore|iPhoneSimulator.ActiveCfg = Release|Any CPU
		{551DB989-49B9-4A3E-B4B7-9C7F6ABD47EC}.AppStore|iPhoneSimulator.Build.0 = Release|Any CPU
		{551DB989-49B9-4A3E-B4B7-9C7F6ABD47EC}.AppStore|iPhoneSimulator.Deploy.0 = Release|Any CPU
		{551DB989-49B9-4A3E-B4B7-9C7F6ABD47EC}.AppStore|x64.ActiveCfg = Release|Any CPU
		{551DB989-49B9-4A3E-B4B7-9C7F6ABD47EC}.AppStore|x64.Build.0 = Release|Any CPU
		{551DB989-49B9-4A3E-B4B7-9C7F6ABD47EC}.AppStore|x64.Deploy.0 = Release|Any CPU
		{551DB989-49B9-4A3E-B4B7-9C7F6ABD47EC}.AppStore|x86.ActiveCfg = Release|Any CPU
		{551DB989-49B9-4A3E-B4B7-9C7F6ABD47EC}.AppStore|x86.Build.0 = Release|Any CPU
		{551DB989-49B9-4A3E-B4B7-9C7F6ABD47EC}.AppStore|x86.Deploy.0 = Release|Any CPU
		{551DB989-49B9-4A3E-B4B7-9C7F6ABD47EC}.Debug|Any CPU.ActiveCfg = Debug|Any CPU
		{551DB989-49B9-4A3E-B4B7-9C7F6ABD47EC}.Debug|Any CPU.Build.0 = Debug|Any CPU
		{551DB989-49B9-4A3E-B4B7-9C7F6ABD47EC}.Debug|Any CPU.Deploy.0 = Debug|Any CPU
		{551DB989-49B9-4A3E-B4B7-9C7F6ABD47EC}.Debug|ARM.ActiveCfg = Debug|Any CPU
		{551DB989-49B9-4A3E-B4B7-9C7F6ABD47EC}.Debug|ARM.Build.0 = Debug|Any CPU
		{551DB989-49B9-4A3E-B4B7-9C7F6ABD47EC}.Debug|ARM.Deploy.0 = Debug|Any CPU
		{551DB989-49B9-4A3E-B4B7-9C7F6ABD47EC}.Debug|iPhone.ActiveCfg = Debug|Any CPU
		{551DB989-49B9-4A3E-B4B7-9C7F6ABD47EC}.Debug|iPhone.Build.0 = Debug|Any CPU
		{551DB989-49B9-4A3E-B4B7-9C7F6ABD47EC}.Debug|iPhone.Deploy.0 = Debug|Any CPU
		{551DB989-49B9-4A3E-B4B7-9C7F6ABD47EC}.Debug|iPhoneSimulator.ActiveCfg = Debug|Any CPU
		{551DB989-49B9-4A3E-B4B7-9C7F6ABD47EC}.Debug|iPhoneSimulator.Build.0 = Debug|Any CPU
		{551DB989-49B9-4A3E-B4B7-9C7F6ABD47EC}.Debug|iPhoneSimulator.Deploy.0 = Debug|Any CPU
		{551DB989-49B9-4A3E-B4B7-9C7F6ABD47EC}.Debug|x64.ActiveCfg = Debug|Any CPU
		{551DB989-49B9-4A3E-B4B7-9C7F6ABD47EC}.Debug|x64.Build.0 = Debug|Any CPU
		{551DB989-49B9-4A3E-B4B7-9C7F6ABD47EC}.Debug|x64.Deploy.0 = Debug|Any CPU
		{551DB989-49B9-4A3E-B4B7-9C7F6ABD47EC}.Debug|x86.ActiveCfg = Debug|Any CPU
		{551DB989-49B9-4A3E-B4B7-9C7F6ABD47EC}.Debug|x86.Build.0 = Debug|Any CPU
		{551DB989-49B9-4A3E-B4B7-9C7F6ABD47EC}.Debug|x86.Deploy.0 = Debug|Any CPU
		{551DB989-49B9-4A3E-B4B7-9C7F6ABD47EC}.Release|Any CPU.ActiveCfg = Release|Any CPU
		{551DB989-49B9-4A3E-B4B7-9C7F6ABD47EC}.Release|Any CPU.Build.0 = Release|Any CPU
		{551DB989-49B9-4A3E-B4B7-9C7F6ABD47EC}.Release|Any CPU.Deploy.0 = Release|Any CPU
		{551DB989-49B9-4A3E-B4B7-9C7F6ABD47EC}.Release|ARM.ActiveCfg = Release|Any CPU
		{551DB989-49B9-4A3E-B4B7-9C7F6ABD47EC}.Release|ARM.Build.0 = Release|Any CPU
		{551DB989-49B9-4A3E-B4B7-9C7F6ABD47EC}.Release|ARM.Deploy.0 = Release|Any CPU
		{551DB989-49B9-4A3E-B4B7-9C7F6ABD47EC}.Release|iPhone.ActiveCfg = Release|Any CPU
		{551DB989-49B9-4A3E-B4B7-9C7F6ABD47EC}.Release|iPhone.Build.0 = Release|Any CPU
		{551DB989-49B9-4A3E-B4B7-9C7F6ABD47EC}.Release|iPhone.Deploy.0 = Release|Any CPU
		{551DB989-49B9-4A3E-B4B7-9C7F6ABD47EC}.Release|iPhoneSimulator.ActiveCfg = Release|Any CPU
		{551DB989-49B9-4A3E-B4B7-9C7F6ABD47EC}.Release|iPhoneSimulator.Build.0 = Release|Any CPU
		{551DB989-49B9-4A3E-B4B7-9C7F6ABD47EC}.Release|iPhoneSimulator.Deploy.0 = Release|Any CPU
		{551DB989-49B9-4A3E-B4B7-9C7F6ABD47EC}.Release|x64.ActiveCfg = Release|Any CPU
		{551DB989-49B9-4A3E-B4B7-9C7F6ABD47EC}.Release|x64.Build.0 = Release|Any CPU
		{551DB989-49B9-4A3E-B4B7-9C7F6ABD47EC}.Release|x64.Deploy.0 = Release|Any CPU
		{551DB989-49B9-4A3E-B4B7-9C7F6ABD47EC}.Release|x86.ActiveCfg = Release|Any CPU
		{551DB989-49B9-4A3E-B4B7-9C7F6ABD47EC}.Release|x86.Build.0 = Release|Any CPU
		{551DB989-49B9-4A3E-B4B7-9C7F6ABD47EC}.Release|x86.Deploy.0 = Release|Any CPU
		{2B324713-39CA-4FCC-B6E3-997B77BEB4BA}.Ad-Hoc|Any CPU.ActiveCfg = Release|Any CPU
		{2B324713-39CA-4FCC-B6E3-997B77BEB4BA}.Ad-Hoc|Any CPU.Build.0 = Release|Any CPU
		{2B324713-39CA-4FCC-B6E3-997B77BEB4BA}.Ad-Hoc|ARM.ActiveCfg = Release|Any CPU
		{2B324713-39CA-4FCC-B6E3-997B77BEB4BA}.Ad-Hoc|ARM.Build.0 = Release|Any CPU
		{2B324713-39CA-4FCC-B6E3-997B77BEB4BA}.Ad-Hoc|iPhone.ActiveCfg = Release|Any CPU
		{2B324713-39CA-4FCC-B6E3-997B77BEB4BA}.Ad-Hoc|iPhone.Build.0 = Release|Any CPU
		{2B324713-39CA-4FCC-B6E3-997B77BEB4BA}.Ad-Hoc|iPhoneSimulator.ActiveCfg = Release|Any CPU
		{2B324713-39CA-4FCC-B6E3-997B77BEB4BA}.Ad-Hoc|iPhoneSimulator.Build.0 = Release|Any CPU
		{2B324713-39CA-4FCC-B6E3-997B77BEB4BA}.Ad-Hoc|x64.ActiveCfg = Release|Any CPU
		{2B324713-39CA-4FCC-B6E3-997B77BEB4BA}.Ad-Hoc|x64.Build.0 = Release|Any CPU
		{2B324713-39CA-4FCC-B6E3-997B77BEB4BA}.Ad-Hoc|x86.ActiveCfg = Release|Any CPU
		{2B324713-39CA-4FCC-B6E3-997B77BEB4BA}.Ad-Hoc|x86.Build.0 = Release|Any CPU
		{2B324713-39CA-4FCC-B6E3-997B77BEB4BA}.AppStore|Any CPU.ActiveCfg = Release|Any CPU
		{2B324713-39CA-4FCC-B6E3-997B77BEB4BA}.AppStore|Any CPU.Build.0 = Release|Any CPU
		{2B324713-39CA-4FCC-B6E3-997B77BEB4BA}.AppStore|ARM.ActiveCfg = Release|Any CPU
		{2B324713-39CA-4FCC-B6E3-997B77BEB4BA}.AppStore|ARM.Build.0 = Release|Any CPU
		{2B324713-39CA-4FCC-B6E3-997B77BEB4BA}.AppStore|iPhone.ActiveCfg = Release|Any CPU
		{2B324713-39CA-4FCC-B6E3-997B77BEB4BA}.AppStore|iPhone.Build.0 = Release|Any CPU
		{2B324713-39CA-4FCC-B6E3-997B77BEB4BA}.AppStore|iPhoneSimulator.ActiveCfg = Release|Any CPU
		{2B324713-39CA-4FCC-B6E3-997B77BEB4BA}.AppStore|iPhoneSimulator.Build.0 = Release|Any CPU
		{2B324713-39CA-4FCC-B6E3-997B77BEB4BA}.AppStore|x64.ActiveCfg = Release|Any CPU
		{2B324713-39CA-4FCC-B6E3-997B77BEB4BA}.AppStore|x64.Build.0 = Release|Any CPU
		{2B324713-39CA-4FCC-B6E3-997B77BEB4BA}.AppStore|x86.ActiveCfg = Release|Any CPU
		{2B324713-39CA-4FCC-B6E3-997B77BEB4BA}.AppStore|x86.Build.0 = Release|Any CPU
		{2B324713-39CA-4FCC-B6E3-997B77BEB4BA}.Debug|Any CPU.ActiveCfg = Debug|Any CPU
		{2B324713-39CA-4FCC-B6E3-997B77BEB4BA}.Debug|Any CPU.Build.0 = Debug|Any CPU
		{2B324713-39CA-4FCC-B6E3-997B77BEB4BA}.Debug|ARM.ActiveCfg = Debug|Any CPU
		{2B324713-39CA-4FCC-B6E3-997B77BEB4BA}.Debug|ARM.Build.0 = Debug|Any CPU
		{2B324713-39CA-4FCC-B6E3-997B77BEB4BA}.Debug|iPhone.ActiveCfg = Debug|Any CPU
		{2B324713-39CA-4FCC-B6E3-997B77BEB4BA}.Debug|iPhone.Build.0 = Debug|Any CPU
		{2B324713-39CA-4FCC-B6E3-997B77BEB4BA}.Debug|iPhoneSimulator.ActiveCfg = Debug|Any CPU
		{2B324713-39CA-4FCC-B6E3-997B77BEB4BA}.Debug|iPhoneSimulator.Build.0 = Debug|Any CPU
		{2B324713-39CA-4FCC-B6E3-997B77BEB4BA}.Debug|x64.ActiveCfg = Debug|Any CPU
		{2B324713-39CA-4FCC-B6E3-997B77BEB4BA}.Debug|x64.Build.0 = Debug|Any CPU
		{2B324713-39CA-4FCC-B6E3-997B77BEB4BA}.Debug|x86.ActiveCfg = Debug|Any CPU
		{2B324713-39CA-4FCC-B6E3-997B77BEB4BA}.Debug|x86.Build.0 = Debug|Any CPU
		{2B324713-39CA-4FCC-B6E3-997B77BEB4BA}.Release|Any CPU.ActiveCfg = Release|Any CPU
		{2B324713-39CA-4FCC-B6E3-997B77BEB4BA}.Release|Any CPU.Build.0 = Release|Any CPU
		{2B324713-39CA-4FCC-B6E3-997B77BEB4BA}.Release|ARM.ActiveCfg = Release|Any CPU
		{2B324713-39CA-4FCC-B6E3-997B77BEB4BA}.Release|ARM.Build.0 = Release|Any CPU
		{2B324713-39CA-4FCC-B6E3-997B77BEB4BA}.Release|iPhone.ActiveCfg = Release|Any CPU
		{2B324713-39CA-4FCC-B6E3-997B77BEB4BA}.Release|iPhone.Build.0 = Release|Any CPU
		{2B324713-39CA-4FCC-B6E3-997B77BEB4BA}.Release|iPhoneSimulator.ActiveCfg = Release|Any CPU
		{2B324713-39CA-4FCC-B6E3-997B77BEB4BA}.Release|iPhoneSimulator.Build.0 = Release|Any CPU
		{2B324713-39CA-4FCC-B6E3-997B77BEB4BA}.Release|x64.ActiveCfg = Release|Any CPU
		{2B324713-39CA-4FCC-B6E3-997B77BEB4BA}.Release|x64.Build.0 = Release|Any CPU
		{2B324713-39CA-4FCC-B6E3-997B77BEB4BA}.Release|x86.ActiveCfg = Release|Any CPU
		{2B324713-39CA-4FCC-B6E3-997B77BEB4BA}.Release|x86.Build.0 = Release|Any CPU
		{A4E53F14-DC9A-4948-A3E1-20167412F9D5}.Ad-Hoc|Any CPU.ActiveCfg = Ad-Hoc|iPhone
		{A4E53F14-DC9A-4948-A3E1-20167412F9D5}.Ad-Hoc|ARM.ActiveCfg = Ad-Hoc|iPhone
		{A4E53F14-DC9A-4948-A3E1-20167412F9D5}.Ad-Hoc|iPhone.ActiveCfg = Ad-Hoc|iPhone
		{A4E53F14-DC9A-4948-A3E1-20167412F9D5}.Ad-Hoc|iPhone.Build.0 = Ad-Hoc|iPhone
		{A4E53F14-DC9A-4948-A3E1-20167412F9D5}.Ad-Hoc|iPhoneSimulator.ActiveCfg = Ad-Hoc|iPhoneSimulator
		{A4E53F14-DC9A-4948-A3E1-20167412F9D5}.Ad-Hoc|iPhoneSimulator.Build.0 = Ad-Hoc|iPhoneSimulator
		{A4E53F14-DC9A-4948-A3E1-20167412F9D5}.Ad-Hoc|x64.ActiveCfg = Ad-Hoc|iPhone
		{A4E53F14-DC9A-4948-A3E1-20167412F9D5}.Ad-Hoc|x86.ActiveCfg = Ad-Hoc|iPhone
		{A4E53F14-DC9A-4948-A3E1-20167412F9D5}.AppStore|Any CPU.ActiveCfg = AppStore|iPhone
		{A4E53F14-DC9A-4948-A3E1-20167412F9D5}.AppStore|ARM.ActiveCfg = AppStore|iPhone
		{A4E53F14-DC9A-4948-A3E1-20167412F9D5}.AppStore|iPhone.ActiveCfg = AppStore|iPhone
		{A4E53F14-DC9A-4948-A3E1-20167412F9D5}.AppStore|iPhone.Build.0 = AppStore|iPhone
		{A4E53F14-DC9A-4948-A3E1-20167412F9D5}.AppStore|iPhoneSimulator.ActiveCfg = AppStore|iPhoneSimulator
		{A4E53F14-DC9A-4948-A3E1-20167412F9D5}.AppStore|iPhoneSimulator.Build.0 = AppStore|iPhoneSimulator
		{A4E53F14-DC9A-4948-A3E1-20167412F9D5}.AppStore|x64.ActiveCfg = AppStore|iPhone
		{A4E53F14-DC9A-4948-A3E1-20167412F9D5}.AppStore|x86.ActiveCfg = AppStore|iPhone
		{A4E53F14-DC9A-4948-A3E1-20167412F9D5}.Debug|Any CPU.ActiveCfg = Debug|iPhone
		{A4E53F14-DC9A-4948-A3E1-20167412F9D5}.Debug|ARM.ActiveCfg = Debug|iPhone
		{A4E53F14-DC9A-4948-A3E1-20167412F9D5}.Debug|iPhone.ActiveCfg = Debug|iPhone
		{A4E53F14-DC9A-4948-A3E1-20167412F9D5}.Debug|iPhone.Build.0 = Debug|iPhone
		{A4E53F14-DC9A-4948-A3E1-20167412F9D5}.Debug|iPhoneSimulator.ActiveCfg = Debug|iPhoneSimulator
		{A4E53F14-DC9A-4948-A3E1-20167412F9D5}.Debug|iPhoneSimulator.Build.0 = Debug|iPhoneSimulator
		{A4E53F14-DC9A-4948-A3E1-20167412F9D5}.Debug|x64.ActiveCfg = Debug|iPhone
		{A4E53F14-DC9A-4948-A3E1-20167412F9D5}.Debug|x86.ActiveCfg = Debug|iPhone
		{A4E53F14-DC9A-4948-A3E1-20167412F9D5}.Release|Any CPU.ActiveCfg = Release|iPhone
		{A4E53F14-DC9A-4948-A3E1-20167412F9D5}.Release|ARM.ActiveCfg = Release|iPhone
		{A4E53F14-DC9A-4948-A3E1-20167412F9D5}.Release|iPhone.ActiveCfg = Release|iPhone
		{A4E53F14-DC9A-4948-A3E1-20167412F9D5}.Release|iPhone.Build.0 = Release|iPhone
		{A4E53F14-DC9A-4948-A3E1-20167412F9D5}.Release|iPhoneSimulator.ActiveCfg = Release|iPhoneSimulator
		{A4E53F14-DC9A-4948-A3E1-20167412F9D5}.Release|iPhoneSimulator.Build.0 = Release|iPhoneSimulator
		{A4E53F14-DC9A-4948-A3E1-20167412F9D5}.Release|x64.ActiveCfg = Release|iPhone
		{A4E53F14-DC9A-4948-A3E1-20167412F9D5}.Release|x86.ActiveCfg = Release|iPhone
	EndGlobalSection
	GlobalSection(SolutionProperties) = preSolution
		HideSolutionNode = FALSE
	EndGlobalSection
	GlobalSection(ExtensibilityGlobals) = postSolution
		SolutionGuid = {61F6026F-73AF-48F4-BEBA-2C56B40D3E14}
	EndGlobalSection
EndGlobal
